
Microsoft Visual Studio Solution File, Format Version 12.00
# Visual Studio Version 17
VisualStudioVersion = 17.0.32014.148
MinimumVisualStudioVersion = 10.0.40219.1
Project("{FAE04EC0-301F-11D3-BF4B-00C04F79EFBC}") = "ProjectNaruto", "ProjectNaruto.csproj", "{632A8F17-118C-4550-84EC-5B147EA03E1B}"
EndProject
Global
	GlobalSection(SolutionConfigurationPlatforms) = preSolution
		Debug|Any CPU = Debug|Any CPU
		Release|Any CPU = Release|Any CPU
	EndGlobalSection
	GlobalSection(ProjectConfigurationPlatforms) = postSolution
		{632A8F17-118C-4550-84EC-5B147EA03E1B}.Debug|Any CPU.ActiveCfg = Debug|Any CPU
		{632A8F17-118C-4550-84EC-5B147EA03E1B}.Debug|Any CPU.Build.0 = Debug|Any CPU
		{632A8F17-118C-4550-84EC-5B147EA03E1B}.Release|Any CPU.ActiveCfg = Release|Any CPU
		{632A8F17-118C-4550-84EC-5B147EA03E1B}.Release|Any CPU.Build.0 = Release|Any CPU
	EndGlobalSection
	GlobalSection(SolutionProperties) = preSolution
		HideSolutionNode = FALSE
	EndGlobalSection
	GlobalSection(ExtensibilityGlobals) = postSolution
		SolutionGuid = {52F38B3C-78CF-4097-BF53-29CB02C3F7DC}
	EndGlobalSection
EndGlobal
